
Microsoft Visual Studio Solution File, Format Version 12.00
# Visual Studio Version 16
VisualStudioVersion = 16.0.30128.74
MinimumVisualStudioVersion = 10.0.40219.1
Project("{2150E333-8FDC-42A3-9474-1A3956D46DE8}") = "src", "src", "{2BBFCB0C-A2F1-4EE2-86D6-5B7CFD90E823}"
EndProject
Project("{2150E333-8FDC-42A3-9474-1A3956D46DE8}") = "01 - Representation", "01 - Representation", "{8586CB4A-ACFD-44F7-BAC3-01C41D85F173}"
EndProject
Project("{2150E333-8FDC-42A3-9474-1A3956D46DE8}") = "02 - Application", "02 - Application", "{85892EB6-4BE3-42DC-9E68-F9940EF28F8C}"
EndProject
Project("{2150E333-8FDC-42A3-9474-1A3956D46DE8}") = "04 - Domain", "04 - Domain", "{35950ED8-1CB6-4382-BDDC-84FC85953AD3}"
EndProject
Project("{2150E333-8FDC-42A3-9474-1A3956D46DE8}") = "05 - Infra", "05 - Infra", "{6622D8DA-B8B8-429B-8501-154220C222E2}"
EndProject
Project("{2150E333-8FDC-42A3-9474-1A3956D46DE8}") = "03 - Service", "03 - Service", "{56DCCD78-FE5C-4A5B-A591-FB520B94203B}"
EndProject
Project("{2150E333-8FDC-42A3-9474-1A3956D46DE8}") = "CrossCutting", "CrossCutting", "{7E8FCF25-79AA-4D97-9A69-58B2BBDD6C90}"
EndProject
Project("{2150E333-8FDC-42A3-9474-1A3956D46DE8}") = "Data", "Data", "{755F2A55-FD39-4579-9159-D916730F7699}"
EndProject
Project("{9A19103F-16F7-4668-BE54-9A1E7A4F7556}") = "ProjetoDDD.API", "src\01 - Representation\ProjetoDDD.API\ProjetoDDD.API.csproj", "{D3462715-B94A-455D-8244-701F48C09B88}"
EndProject
Project("{9A19103F-16F7-4668-BE54-9A1E7A4F7556}") = "ProjetoDDD.Application", "src\02 - Application\ProjetoDDD.Application\ProjetoDDD.Application.csproj", "{254C8165-B0D6-492D-9519-3E6DA070B57B}"
EndProject
Project("{9A19103F-16F7-4668-BE54-9A1E7A4F7556}") = "ProjetoDDD.Service", "src\03 - Service\ProjetoDDD.Service\ProjetoDDD.Service.csproj", "{69F22E6B-65C2-4C62-8C21-CD56D6DFDE60}"
EndProject
Project("{9A19103F-16F7-4668-BE54-9A1E7A4F7556}") = "ProjetoDDD.Domain", "src\04 - Domain\ProjetoDDD.Domain\ProjetoDDD.Domain.csproj", "{0D33B6F9-A0D9-4C26-BD9F-858F8B509208}"
EndProject
Project("{9A19103F-16F7-4668-BE54-9A1E7A4F7556}") = "ProjetoDDD.Infra.CrossCutting", "src\05 - Infra\CrossCutting\ProjetoDDD.Infra.CrossCutting\ProjetoDDD.Infra.CrossCutting.csproj", "{8B2BD24C-30F2-46FC-AD99-5D942260E5A9}"
EndProject
Project("{9A19103F-16F7-4668-BE54-9A1E7A4F7556}") = "ProjetoDDD.Infra.Data", "src\05 - Infra\Data\ProjetoDDD.Infra.Data\ProjetoDDD.Infra.Data.csproj", "{BE807494-B483-4BA3-BDC8-1BDEE97C21FD}"
EndProject
Global
	GlobalSection(SolutionConfigurationPlatforms) = preSolution
		Debug|Any CPU = Debug|Any CPU
		Release|Any CPU = Release|Any CPU
	EndGlobalSection
	GlobalSection(ProjectConfigurationPlatforms) = postSolution
		{D3462715-B94A-455D-8244-701F48C09B88}.Debug|Any CPU.ActiveCfg = Debug|Any CPU
		{D3462715-B94A-455D-8244-701F48C09B88}.Debug|Any CPU.Build.0 = Debug|Any CPU
		{D3462715-B94A-455D-8244-701F48C09B88}.Release|Any CPU.ActiveCfg = Release|Any CPU
		{D3462715-B94A-455D-8244-701F48C09B88}.Release|Any CPU.Build.0 = Release|Any CPU
		{254C8165-B0D6-492D-9519-3E6DA070B57B}.Debug|Any CPU.ActiveCfg = Debug|Any CPU
		{254C8165-B0D6-492D-9519-3E6DA070B57B}.Debug|Any CPU.Build.0 = Debug|Any CPU
		{254C8165-B0D6-492D-9519-3E6DA070B57B}.Release|Any CPU.ActiveCfg = Release|Any CPU
		{254C8165-B0D6-492D-9519-3E6DA070B57B}.Release|Any CPU.Build.0 = Release|Any CPU
		{69F22E6B-65C2-4C62-8C21-CD56D6DFDE60}.Debug|Any CPU.ActiveCfg = Debug|Any CPU
		{69F22E6B-65C2-4C62-8C21-CD56D6DFDE60}.Debug|Any CPU.Build.0 = Debug|Any CPU
		{69F22E6B-65C2-4C62-8C21-CD56D6DFDE60}.Release|Any CPU.ActiveCfg = Release|Any CPU
		{69F22E6B-65C2-4C62-8C21-CD56D6DFDE60}.Release|Any CPU.Build.0 = Release|Any CPU
		{0D33B6F9-A0D9-4C26-BD9F-858F8B509208}.Debug|Any CPU.ActiveCfg = Debug|Any CPU
		{0D33B6F9-A0D9-4C26-BD9F-858F8B509208}.Debug|Any CPU.Build.0 = Debug|Any CPU
		{0D33B6F9-A0D9-4C26-BD9F-858F8B509208}.Release|Any CPU.ActiveCfg = Release|Any CPU
		{0D33B6F9-A0D9-4C26-BD9F-858F8B509208}.Release|Any CPU.Build.0 = Release|Any CPU
		{8B2BD24C-30F2-46FC-AD99-5D942260E5A9}.Debug|Any CPU.ActiveCfg = Debug|Any CPU
		{8B2BD24C-30F2-46FC-AD99-5D942260E5A9}.Debug|Any CPU.Build.0 = Debug|Any CPU
		{8B2BD24C-30F2-46FC-AD99-5D942260E5A9}.Release|Any CPU.ActiveCfg = Release|Any CPU
		{8B2BD24C-30F2-46FC-AD99-5D942260E5A9}.Release|Any CPU.Build.0 = Release|Any CPU
		{BE807494-B483-4BA3-BDC8-1BDEE97C21FD}.Debug|Any CPU.ActiveCfg = Debug|Any CPU
		{BE807494-B483-4BA3-BDC8-1BDEE97C21FD}.Debug|Any CPU.Build.0 = Debug|Any CPU
		{BE807494-B483-4BA3-BDC8-1BDEE97C21FD}.Release|Any CPU.ActiveCfg = Release|Any CPU
		{BE807494-B483-4BA3-BDC8-1BDEE97C21FD}.Release|Any CPU.Build.0 = Release|Any CPU
	EndGlobalSection
	GlobalSection(SolutionProperties) = preSolution
		HideSolutionNode = FALSE
	EndGlobalSection
	GlobalSection(NestedProjects) = preSolution
		{8586CB4A-ACFD-44F7-BAC3-01C41D85F173} = {2BBFCB0C-A2F1-4EE2-86D6-5B7CFD90E823}
		{85892EB6-4BE3-42DC-9E68-F9940EF28F8C} = {2BBFCB0C-A2F1-4EE2-86D6-5B7CFD90E823}
		{35950ED8-1CB6-4382-BDDC-84FC85953AD3} = {2BBFCB0C-A2F1-4EE2-86D6-5B7CFD90E823}
		{6622D8DA-B8B8-429B-8501-154220C222E2} = {2BBFCB0C-A2F1-4EE2-86D6-5B7CFD90E823}
		{56DCCD78-FE5C-4A5B-A591-FB520B94203B} = {2BBFCB0C-A2F1-4EE2-86D6-5B7CFD90E823}
		{7E8FCF25-79AA-4D97-9A69-58B2BBDD6C90} = {6622D8DA-B8B8-429B-8501-154220C222E2}
		{755F2A55-FD39-4579-9159-D916730F7699} = {6622D8DA-B8B8-429B-8501-154220C222E2}
		{D3462715-B94A-455D-8244-701F48C09B88} = {8586CB4A-ACFD-44F7-BAC3-01C41D85F173}
		{254C8165-B0D6-492D-9519-3E6DA070B57B} = {85892EB6-4BE3-42DC-9E68-F9940EF28F8C}
		{69F22E6B-65C2-4C62-8C21-CD56D6DFDE60} = {56DCCD78-FE5C-4A5B-A591-FB520B94203B}
		{0D33B6F9-A0D9-4C26-BD9F-858F8B509208} = {35950ED8-1CB6-4382-BDDC-84FC85953AD3}
		{8B2BD24C-30F2-46FC-AD99-5D942260E5A9} = {7E8FCF25-79AA-4D97-9A69-58B2BBDD6C90}
		{BE807494-B483-4BA3-BDC8-1BDEE97C21FD} = {755F2A55-FD39-4579-9159-D916730F7699}
	EndGlobalSection
	GlobalSection(ExtensibilityGlobals) = postSolution
		SolutionGuid = {CAEA6364-933D-415B-BA7F-886E15561F53}
	EndGlobalSection
EndGlobal
