
Microsoft Visual Studio Solution File, Format Version 12.00
# Visual Studio Version 16
VisualStudioVersion = 16.0.30128.74
MinimumVisualStudioVersion = 10.0.40219.1
Project("{2150E333-8FDC-42A3-9474-1A3956D46DE8}") = "src", "src", "{2BBFCB0C-A2F1-4EE2-86D6-5B7CFD90E823}"
EndProject
Project("{2150E333-8FDC-42A3-9474-1A3956D46DE8}") = "Application", "Application", "{85892EB6-4BE3-42DC-9E68-F9940EF28F8C}"
EndProject
Project("{2150E333-8FDC-42A3-9474-1A3956D46DE8}") = "Domain", "Domain", "{35950ED8-1CB6-4382-BDDC-84FC85953AD3}"
EndProject
Project("{2150E333-8FDC-42A3-9474-1A3956D46DE8}") = "Infra", "Infra", "{6622D8DA-B8B8-429B-8501-154220C222E2}"
EndProject
Project("{2150E333-8FDC-42A3-9474-1A3956D46DE8}") = "Service", "Service", "{56DCCD78-FE5C-4A5B-A591-FB520B94203B}"
EndProject
Project("{2150E333-8FDC-42A3-9474-1A3956D46DE8}") = "CrossCutting", "CrossCutting", "{7E8FCF25-79AA-4D97-9A69-58B2BBDD6C90}"
EndProject
Project("{2150E333-8FDC-42A3-9474-1A3956D46DE8}") = "Data", "Data", "{755F2A55-FD39-4579-9159-D916730F7699}"
EndProject
Project("{FAE04EC0-301F-11D3-BF4B-00C04F79EFBC}") = "ProjetoDDD.Domain", "src\Domain\ProjetoDDD.Domain\ProjetoDDD.Domain.csproj", "{9D44D94E-BA04-4E7D-8634-B756D933C914}"
EndProject
Project("{FAE04EC0-301F-11D3-BF4B-00C04F79EFBC}") = "ProjetoDDD.Infra.CrossCutting", "src\Infra\CrossCutting\ProjetoDDD.Infra.CrossCutting\ProjetoDDD.Infra.CrossCutting.csproj", "{D0299255-566B-46E5-84D9-07112CFC99D7}"
EndProject
Project("{FAE04EC0-301F-11D3-BF4B-00C04F79EFBC}") = "ProjetoDDD.Infra.Data", "src\Infra\Data\ProjetoDDD.Infra.Data\ProjetoDDD.Infra.Data.csproj", "{BF20EB6C-464C-47F7-AA21-B80FFD4D6662}"
EndProject
Project("{FAE04EC0-301F-11D3-BF4B-00C04F79EFBC}") = "ProjetoDDD.Service", "src\Service\ProjetoDDD.Service\ProjetoDDD.Service.csproj", "{B3C8B80D-1AD2-4005-8DBD-171AF71B8396}"
EndProject
Project("{FAE04EC0-301F-11D3-BF4B-00C04F79EFBC}") = "ProjetoDDD.API", "src\Application\ProjetoDDD.API\ProjetoDDD.API.csproj", "{EA423ECA-A35F-41B9-B026-E59B96F25C44}"
EndProject
Global
	GlobalSection(SolutionConfigurationPlatforms) = preSolution
		Debug|Any CPU = Debug|Any CPU
		Release|Any CPU = Release|Any CPU
	EndGlobalSection
	GlobalSection(ProjectConfigurationPlatforms) = postSolution
		{9D44D94E-BA04-4E7D-8634-B756D933C914}.Debug|Any CPU.ActiveCfg = Debug|Any CPU
		{9D44D94E-BA04-4E7D-8634-B756D933C914}.Debug|Any CPU.Build.0 = Debug|Any CPU
		{9D44D94E-BA04-4E7D-8634-B756D933C914}.Release|Any CPU.ActiveCfg = Release|Any CPU
		{9D44D94E-BA04-4E7D-8634-B756D933C914}.Release|Any CPU.Build.0 = Release|Any CPU
		{D0299255-566B-46E5-84D9-07112CFC99D7}.Debug|Any CPU.ActiveCfg = Debug|Any CPU
		{D0299255-566B-46E5-84D9-07112CFC99D7}.Debug|Any CPU.Build.0 = Debug|Any CPU
		{D0299255-566B-46E5-84D9-07112CFC99D7}.Release|Any CPU.ActiveCfg = Release|Any CPU
		{D0299255-566B-46E5-84D9-07112CFC99D7}.Release|Any CPU.Build.0 = Release|Any CPU
		{BF20EB6C-464C-47F7-AA21-B80FFD4D6662}.Debug|Any CPU.ActiveCfg = Debug|Any CPU
		{BF20EB6C-464C-47F7-AA21-B80FFD4D6662}.Debug|Any CPU.Build.0 = Debug|Any CPU
		{BF20EB6C-464C-47F7-AA21-B80FFD4D6662}.Release|Any CPU.ActiveCfg = Release|Any CPU
		{BF20EB6C-464C-47F7-AA21-B80FFD4D6662}.Release|Any CPU.Build.0 = Release|Any CPU
		{B3C8B80D-1AD2-4005-8DBD-171AF71B8396}.Debug|Any CPU.ActiveCfg = Debug|Any CPU
		{B3C8B80D-1AD2-4005-8DBD-171AF71B8396}.Debug|Any CPU.Build.0 = Debug|Any CPU
		{B3C8B80D-1AD2-4005-8DBD-171AF71B8396}.Release|Any CPU.ActiveCfg = Release|Any CPU
		{B3C8B80D-1AD2-4005-8DBD-171AF71B8396}.Release|Any CPU.Build.0 = Release|Any CPU
		{EA423ECA-A35F-41B9-B026-E59B96F25C44}.Debug|Any CPU.ActiveCfg = Debug|Any CPU
		{EA423ECA-A35F-41B9-B026-E59B96F25C44}.Debug|Any CPU.Build.0 = Debug|Any CPU
		{EA423ECA-A35F-41B9-B026-E59B96F25C44}.Release|Any CPU.ActiveCfg = Release|Any CPU
		{EA423ECA-A35F-41B9-B026-E59B96F25C44}.Release|Any CPU.Build.0 = Release|Any CPU
	EndGlobalSection
	GlobalSection(SolutionProperties) = preSolution
		HideSolutionNode = FALSE
	EndGlobalSection
	GlobalSection(NestedProjects) = preSolution
		{85892EB6-4BE3-42DC-9E68-F9940EF28F8C} = {2BBFCB0C-A2F1-4EE2-86D6-5B7CFD90E823}
		{35950ED8-1CB6-4382-BDDC-84FC85953AD3} = {2BBFCB0C-A2F1-4EE2-86D6-5B7CFD90E823}
		{6622D8DA-B8B8-429B-8501-154220C222E2} = {2BBFCB0C-A2F1-4EE2-86D6-5B7CFD90E823}
		{56DCCD78-FE5C-4A5B-A591-FB520B94203B} = {2BBFCB0C-A2F1-4EE2-86D6-5B7CFD90E823}
		{7E8FCF25-79AA-4D97-9A69-58B2BBDD6C90} = {6622D8DA-B8B8-429B-8501-154220C222E2}
		{755F2A55-FD39-4579-9159-D916730F7699} = {6622D8DA-B8B8-429B-8501-154220C222E2}
		{9D44D94E-BA04-4E7D-8634-B756D933C914} = {35950ED8-1CB6-4382-BDDC-84FC85953AD3}
		{D0299255-566B-46E5-84D9-07112CFC99D7} = {7E8FCF25-79AA-4D97-9A69-58B2BBDD6C90}
		{BF20EB6C-464C-47F7-AA21-B80FFD4D6662} = {755F2A55-FD39-4579-9159-D916730F7699}
		{B3C8B80D-1AD2-4005-8DBD-171AF71B8396} = {56DCCD78-FE5C-4A5B-A591-FB520B94203B}
		{EA423ECA-A35F-41B9-B026-E59B96F25C44} = {85892EB6-4BE3-42DC-9E68-F9940EF28F8C}
	EndGlobalSection
	GlobalSection(ExtensibilityGlobals) = postSolution
		SolutionGuid = {CAEA6364-933D-415B-BA7F-886E15561F53}
	EndGlobalSection
EndGlobal
